
Microsoft Visual Studio Solution File, Format Version 12.00
# Visual Studio Version 16
VisualStudioVersion = 16.0.30611.23
MinimumVisualStudioVersion = 10.0.40219.1
Project("{FAE04EC0-301F-11D3-BF4B-00C04F79EFBC}") = "Prio", "Prio\Prio.csproj", "{59148A42-A436-415A-9A39-FCBDDD9734C6}"
EndProject
Global
	GlobalSection(SolutionConfigurationPlatforms) = preSolution
		Debug|Any CPU = Debug|Any CPU
		Release|Any CPU = Release|Any CPU
	EndGlobalSection
	GlobalSection(ProjectConfigurationPlatforms) = postSolution
		{59148A42-A436-415A-9A39-FCBDDD9734C6}.Debug|Any CPU.ActiveCfg = Debug|Any CPU
		{59148A42-A436-415A-9A39-FCBDDD9734C6}.Debug|Any CPU.Build.0 = Debug|Any CPU
		{59148A42-A436-415A-9A39-FCBDDD9734C6}.Release|Any CPU.ActiveCfg = Release|Any CPU
		{59148A42-A436-415A-9A39-FCBDDD9734C6}.Release|Any CPU.Build.0 = Release|Any CPU
	EndGlobalSection
	GlobalSection(SolutionProperties) = preSolution
		HideSolutionNode = FALSE
	EndGlobalSection
	GlobalSection(ExtensibilityGlobals) = postSolution
		SolutionGuid = {19B85C08-F1A5-4F94-8E01-9EA5E4CE41C0}
	EndGlobalSection
EndGlobal
